
Microsoft Visual Studio Solution File, Format Version 12.00
# Visual Studio 2012
Project("{FAE04EC0-301F-11D3-BF4B-00C04F79EFBC}") = "Melee.Me", "Melee.Me\Melee.Me.csproj", "{52F6E6F7-8EAE-4E3C-8FCA-455FBC53681C}"
EndProject
Project("{FAE04EC0-301F-11D3-BF4B-00C04F79EFBC}") = "MeleeMeDatabase", "MeleeMeDatabase\MeleeMeDatabase.csproj", "{830DFB4A-23EB-40C9-ACE4-A3E5FB964C1D}"
EndProject
Project("{FAE04EC0-301F-11D3-BF4B-00C04F79EFBC}") = "Melee.Me.Test", "Melee.Me.Test\Melee.Me.Test.csproj", "{AB1BDEE3-1ACB-41B8-8E2E-0D1608EABDD6}"
EndProject
Project("{2150E333-8FDC-42A3-9474-1A3956D46DE8}") = "Solution Items", "Solution Items", "{31A958FB-3DF7-48D4-AAEE-9AB384DF245C}"
	ProjectSection(SolutionItems) = preProject
		MeleeMeBuild.msbuild = MeleeMeBuild.msbuild
	EndProjectSection
EndProject
Project("{00D1A9C2-B5F0-4AF3-8072-F6C62B433612}") = "MeleeMeDB", "MeleeMeDB\MeleeMeDB.sqlproj", "{8B0401C5-956B-4900-9D3F-334B6301DCB1}"
EndProject
Project("{FAE04EC0-301F-11D3-BF4B-00C04F79EFBC}") = "ResearchAndDevelopment", "ResearchAndDevelopment\ResearchAndDevelopment.csproj", "{4E7D5DD8-23B1-426C-9ED6-F300C50F07E8}"
EndProject
Global
	GlobalSection(SolutionConfigurationPlatforms) = preSolution
		Debug|Any CPU = Debug|Any CPU
		Release|Any CPU = Release|Any CPU
	EndGlobalSection
	GlobalSection(ProjectConfigurationPlatforms) = postSolution
		{52F6E6F7-8EAE-4E3C-8FCA-455FBC53681C}.Debug|Any CPU.ActiveCfg = Debug|Any CPU
		{52F6E6F7-8EAE-4E3C-8FCA-455FBC53681C}.Debug|Any CPU.Build.0 = Debug|Any CPU
		{52F6E6F7-8EAE-4E3C-8FCA-455FBC53681C}.Debug|Any CPU.Deploy.0 = Debug|Any CPU
		{52F6E6F7-8EAE-4E3C-8FCA-455FBC53681C}.Release|Any CPU.ActiveCfg = Release|Any CPU
		{52F6E6F7-8EAE-4E3C-8FCA-455FBC53681C}.Release|Any CPU.Build.0 = Release|Any CPU
		{830DFB4A-23EB-40C9-ACE4-A3E5FB964C1D}.Debug|Any CPU.ActiveCfg = Debug|Any CPU
		{830DFB4A-23EB-40C9-ACE4-A3E5FB964C1D}.Debug|Any CPU.Build.0 = Debug|Any CPU
		{830DFB4A-23EB-40C9-ACE4-A3E5FB964C1D}.Debug|Any CPU.Deploy.0 = Debug|Any CPU
		{830DFB4A-23EB-40C9-ACE4-A3E5FB964C1D}.Release|Any CPU.ActiveCfg = Release|Any CPU
		{830DFB4A-23EB-40C9-ACE4-A3E5FB964C1D}.Release|Any CPU.Build.0 = Release|Any CPU
		{AB1BDEE3-1ACB-41B8-8E2E-0D1608EABDD6}.Debug|Any CPU.ActiveCfg = Debug|Any CPU
		{AB1BDEE3-1ACB-41B8-8E2E-0D1608EABDD6}.Debug|Any CPU.Build.0 = Debug|Any CPU
		{AB1BDEE3-1ACB-41B8-8E2E-0D1608EABDD6}.Release|Any CPU.ActiveCfg = Release|Any CPU
		{AB1BDEE3-1ACB-41B8-8E2E-0D1608EABDD6}.Release|Any CPU.Build.0 = Release|Any CPU
		{8B0401C5-956B-4900-9D3F-334B6301DCB1}.Debug|Any CPU.ActiveCfg = Debug|Any CPU
		{8B0401C5-956B-4900-9D3F-334B6301DCB1}.Debug|Any CPU.Build.0 = Debug|Any CPU
		{8B0401C5-956B-4900-9D3F-334B6301DCB1}.Debug|Any CPU.Deploy.0 = Debug|Any CPU
		{8B0401C5-956B-4900-9D3F-334B6301DCB1}.Release|Any CPU.ActiveCfg = Release|Any CPU
		{8B0401C5-956B-4900-9D3F-334B6301DCB1}.Release|Any CPU.Build.0 = Release|Any CPU
		{8B0401C5-956B-4900-9D3F-334B6301DCB1}.Release|Any CPU.Deploy.0 = Release|Any CPU
		{4E7D5DD8-23B1-426C-9ED6-F300C50F07E8}.Debug|Any CPU.ActiveCfg = Debug|Any CPU
		{4E7D5DD8-23B1-426C-9ED6-F300C50F07E8}.Debug|Any CPU.Build.0 = Debug|Any CPU
		{4E7D5DD8-23B1-426C-9ED6-F300C50F07E8}.Release|Any CPU.ActiveCfg = Release|Any CPU
		{4E7D5DD8-23B1-426C-9ED6-F300C50F07E8}.Release|Any CPU.Build.0 = Release|Any CPU
	EndGlobalSection
	GlobalSection(SolutionProperties) = preSolution
		HideSolutionNode = FALSE
	EndGlobalSection
	GlobalSection(Performance) = preSolution
		HasPerformanceSessions = true
	EndGlobalSection
EndGlobal
